github.com/DavadDi/testmod v1.0.0 h1:s96K6qt754kDQz+oo55CPXYfC8fXUI35XDQL1zQK2v4=
github.com/DavadDi/testmod v1.0.0/go.mod h1:f+5JEyrVYDWjEdCNNr72AUdefI5BW6TGnl2GGysmtyI=
github.com/DavadDi/testmod v1.0.1 h1:crjuwnJi+JwTYOh1FCpMRn6Bu9fRfppMBeB6SZH04n4=
github.com/DavadDi/testmod v1.0.1/go.mod h1:f+5JEyrVYDWjEdCNNr72AUdefI5BW6TGnl2GGysmtyI=
